// !$*UTF8*$!
{
	archiveVersion = 1;
	classes = {
	};
	objectVersion = 77;
	objects = {

/* Begin PBXBuildFile section */
		621585672DC0D781007E1EA8 /* FirebaseFirestoreCombine-Community in Frameworks */ = {isa = PBXBuildFile; productRef = 621585662DC0D781007E1EA8 /* FirebaseFirestoreCombine-Community */; };
		621585692DC0D93D007E1EA8 /* FirebaseFirestore in Frameworks */ = {isa = PBXBuildFile; productRef = 621585682DC0D93D007E1EA8 /* FirebaseFirestore */; };
		6295159C2DC8BE1B00DC54A1 /* GoogleSignIn in Frameworks */ = {isa = PBXBuildFile; productRef = 6295159B2DC8BE1B00DC54A1 /* GoogleSignIn */; };
		6295159E2DC8BE1B00DC54A1 /* GoogleSignInSwift in Frameworks */ = {isa = PBXBuildFile; productRef = 6295159D2DC8BE1B00DC54A1 /* GoogleSignInSwift */; };
		62AA69162DC0C6CF006AB4E3 /* FirebaseAnalytics in Frameworks */ = {isa = PBXBuildFile; productRef = 62AA69152DC0C6CF006AB4E3 /* FirebaseAnalytics */; };
		62AA69182DC0C6CF006AB4E3 /* FirebaseAuth in Frameworks */ = {isa = PBXBuildFile; productRef = 62AA69172DC0C6CF006AB4E3 /* FirebaseAuth */; };
		62AA691C2DC0C6CF006AB4E3 /* FirebaseStorage in Frameworks */ = {isa = PBXBuildFile; productRef = 62AA691B2DC0C6CF006AB4E3 /* FirebaseStorage */; };
/* End PBXBuildFile section */

/* Begin PBXContainerItemProxy section */
		62EB12352D966409009F5CB1 /* PBXContainerItemProxy */ = {
			isa = PBXContainerItemProxy;
			containerPortal = 62EB121B2D966407009F5CB1 /* Project object */;
			proxyType = 1;
			remoteGlobalIDString = 62EB12222D966407009F5CB1;
			remoteInfo = Blu;
		};
		62EB123F2D966409009F5CB1 /* PBXContainerItemProxy */ = {
			isa = PBXContainerItemProxy;
			containerPortal = 62EB121B2D966407009F5CB1 /* Project object */;
			proxyType = 1;
			remoteGlobalIDString = 62EB12222D966407009F5CB1;
			remoteInfo = Blu;
		};
/* End PBXContainerItemProxy section */

/* Begin PBXFileReference section */
		62EB12232D966407009F5CB1 /* Blu.app */ = {isa = PBXFileReference; explicitFileType = wrapper.application; includeInIndex = 0; path = Blu.app; sourceTree = BUILT_PRODUCTS_DIR; };
		62EB12342D966409009F5CB1 /* BluTests.xctest */ = {isa = PBXFileReference; explicitFileType = wrapper.cfbundle; includeInIndex = 0; path = BluTests.xctest; sourceTree = BUILT_PRODUCTS_DIR; };
		62EB123E2D966409009F5CB1 /* BluUITests.xctest */ = {isa = PBXFileReference; explicitFileType = wrapper.cfbundle; includeInIndex = 0; path = BluUITests.xctest; sourceTree = BUILT_PRODUCTS_DIR; };
/* End PBXFileReference section */

/* Begin PBXFileSystemSynchronizedBuildFileExceptionSet section */
		629515A02DC8C45800DC54A1 /* Exceptions for "Blu" folder in "Blu" target */ = {
			isa = PBXFileSystemSynchronizedBuildFileExceptionSet;
			membershipExceptions = (
				Info.plist,
			);
			target = 62EB12222D966407009F5CB1 /* Blu */;
		};
		62AA69122DC0C5C4006AB4E3 /* Exceptions for "Blu" folder in "BluTests" target */ = {
			isa = PBXFileSystemSynchronizedBuildFileExceptionSet;
			membershipExceptions = (
				"GoogleService-Info.plist",
			);
			target = 62EB12332D966409009F5CB1 /* BluTests */;
		};
		62AA69132DC0C5C4006AB4E3 /* Exceptions for "Blu" folder in "BluUITests" target */ = {
			isa = PBXFileSystemSynchronizedBuildFileExceptionSet;
			membershipExceptions = (
				"GoogleService-Info.plist",
			);
			target = 62EB123D2D966409009F5CB1 /* BluUITests */;
		};
/* End PBXFileSystemSynchronizedBuildFileExceptionSet section */

/* Begin PBXFileSystemSynchronizedRootGroup section */
		62EB12252D966407009F5CB1 /* Blu */ = {
			isa = PBXFileSystemSynchronizedRootGroup;
			exceptions = (
				629515A02DC8C45800DC54A1 /* Exceptions for "Blu" folder in "Blu" target */,
				62AA69122DC0C5C4006AB4E3 /* Exceptions for "Blu" folder in "BluTests" target */,
				62AA69132DC0C5C4006AB4E3 /* Exceptions for "Blu" folder in "BluUITests" target */,
			);
			path = Blu;
			sourceTree = "<group>";
		};
		62EB12372D966409009F5CB1 /* BluTests */ = {
			isa = PBXFileSystemSynchronizedRootGroup;
			path = BluTests;
			sourceTree = "<group>";
		};
		62EB12412D966409009F5CB1 /* BluUITests */ = {
			isa = PBXFileSystemSynchronizedRootGroup;
			path = BluUITests;
			sourceTree = "<group>";
		};
/* End PBXFileSystemSynchronizedRootGroup section */

/* Begin PBXFrameworksBuildPhase section */
		62EB12202D966407009F5CB1 /* Frameworks */ = {
			isa = PBXFrameworksBuildPhase;
			buildActionMask = 2147483647;
			files = (
				62AA69162DC0C6CF006AB4E3 /* FirebaseAnalytics in Frameworks */,
				62AA691C2DC0C6CF006AB4E3 /* FirebaseStorage in Frameworks */,
				6295159E2DC8BE1B00DC54A1 /* GoogleSignInSwift in Frameworks */,
				62AA69182DC0C6CF006AB4E3 /* FirebaseAuth in Frameworks */,
				621585692DC0D93D007E1EA8 /* FirebaseFirestore in Frameworks */,
				621585672DC0D781007E1EA8 /* FirebaseFirestoreCombine-Community in Frameworks */,
				6295159C2DC8BE1B00DC54A1 /* GoogleSignIn in Frameworks */,
			);
			runOnlyForDeploymentPostprocessing = 0;
		};
		62EB12312D966409009F5CB1 /* Frameworks */ = {
			isa = PBXFrameworksBuildPhase;
			buildActionMask = 2147483647;
			files = (
			);
			runOnlyForDeploymentPostprocessing = 0;
		};
		62EB123B2D966409009F5CB1 /* Frameworks */ = {
			isa = PBXFrameworksBuildPhase;
			buildActionMask = 2147483647;
			files = (
			);
			runOnlyForDeploymentPostprocessing = 0;
		};
/* End PBXFrameworksBuildPhase section */

/* Begin PBXGroup section */
		621585652DC0D711007E1EA8 /* Frameworks */ = {
			isa = PBXGroup;
			children = (
			);
			name = Frameworks;
			sourceTree = "<group>";
		};
		62EB121A2D966407009F5CB1 = {
			isa = PBXGroup;
			children = (
				62EB12252D966407009F5CB1 /* Blu */,
				62EB12372D966409009F5CB1 /* BluTests */,
				62EB12412D966409009F5CB1 /* BluUITests */,
				621585652DC0D711007E1EA8 /* Frameworks */,
				62EB12242D966407009F5CB1 /* Products */,
			);
			sourceTree = "<group>";
		};
		62EB12242D966407009F5CB1 /* Products */ = {
			isa = PBXGroup;
			children = (
				62EB12232D966407009F5CB1 /* Blu.app */,
				62EB12342D966409009F5CB1 /* BluTests.xctest */,
				62EB123E2D966409009F5CB1 /* BluUITests.xctest */,
			);
			name = Products;
			sourceTree = "<group>";
		};
/* End PBXGroup section */

/* Begin PBXNativeTarget section */
		62EB12222D966407009F5CB1 /* Blu */ = {
			isa = PBXNativeTarget;
			buildConfigurationList = 62EB12482D966409009F5CB1 /* Build configuration list for PBXNativeTarget "Blu" */;
			buildPhases = (
				62EB121F2D966407009F5CB1 /* Sources */,
				62EB12202D966407009F5CB1 /* Frameworks */,
				62EB12212D966407009F5CB1 /* Resources */,
			);
			buildRules = (
			);
			dependencies = (
			);
			fileSystemSynchronizedGroups = (
				62EB12252D966407009F5CB1 /* Blu */,
			);
			name = Blu;
			packageProductDependencies = (
				62AA69152DC0C6CF006AB4E3 /* FirebaseAnalytics */,
				62AA69172DC0C6CF006AB4E3 /* FirebaseAuth */,
				62AA691B2DC0C6CF006AB4E3 /* FirebaseStorage */,
				621585662DC0D781007E1EA8 /* FirebaseFirestoreCombine-Community */,
				621585682DC0D93D007E1EA8 /* FirebaseFirestore */,
				6295159B2DC8BE1B00DC54A1 /* GoogleSignIn */,
				6295159D2DC8BE1B00DC54A1 /* GoogleSignInSwift */,
			);
			productName = Blu;
			productReference = 62EB12232D966407009F5CB1 /* Blu.app */;
			productType = "com.apple.product-type.application";
		};
		62EB12332D966409009F5CB1 /* BluTests */ = {
			isa = PBXNativeTarget;
			buildConfigurationList = 62EB124B2D966409009F5CB1 /* Build configuration list for PBXNativeTarget "BluTests" */;
			buildPhases = (
				62EB12302D966409009F5CB1 /* Sources */,
				62EB12312D966409009F5CB1 /* Frameworks */,
				62EB12322D966409009F5CB1 /* Resources */,
			);
			buildRules = (
			);
			dependencies = (
				62EB12362D966409009F5CB1 /* PBXTargetDependency */,
			);
			fileSystemSynchronizedGroups = (
				62EB12372D966409009F5CB1 /* BluTests */,
			);
			name = BluTests;
			packageProductDependencies = (
			);
			productName = BluTests;
			productReference = 62EB12342D966409009F5CB1 /* BluTests.xctest */;
			productType = "com.apple.product-type.bundle.unit-test";
		};
		62EB123D2D966409009F5CB1 /* BluUITests */ = {
			isa = PBXNativeTarget;
			buildConfigurationList = 62EB124E2D966409009F5CB1 /* Build configuration list for PBXNativeTarget "BluUITests" */;
			buildPhases = (
				62EB123A2D966409009F5CB1 /* Sources */,
				62EB123B2D966409009F5CB1 /* Frameworks */,
				62EB123C2D966409009F5CB1 /* Resources */,
			);
			buildRules = (
			);
			dependencies = (
				62EB12402D966409009F5CB1 /* PBXTargetDependency */,
			);
			fileSystemSynchronizedGroups = (
				62EB12412D966409009F5CB1 /* BluUITests */,
			);
			name = BluUITests;
			packageProductDependencies = (
			);
			productName = BluUITests;
			productReference = 62EB123E2D966409009F5CB1 /* BluUITests.xctest */;
			productType = "com.apple.product-type.bundle.ui-testing";
		};
/* End PBXNativeTarget section */

/* Begin PBXProject section */
		62EB121B2D966407009F5CB1 /* Project object */ = {
			isa = PBXProject;
			attributes = {
				BuildIndependentTargetsInParallel = 1;
				LastSwiftUpdateCheck = 1620;
				LastUpgradeCheck = 1620;
				TargetAttributes = {
					62EB12222D966407009F5CB1 = {
						CreatedOnToolsVersion = 16.2;
					};
					62EB12332D966409009F5CB1 = {
						CreatedOnToolsVersion = 16.2;
						TestTargetID = 62EB12222D966407009F5CB1;
					};
					62EB123D2D966409009F5CB1 = {
						CreatedOnToolsVersion = 16.2;
						TestTargetID = 62EB12222D966407009F5CB1;
					};
				};
			};
			buildConfigurationList = 62EB121E2D966407009F5CB1 /* Build configuration list for PBXProject "Blu" */;
			developmentRegion = en;
			hasScannedForEncodings = 0;
			knownRegions = (
				en,
				Base,
			);
			mainGroup = 62EB121A2D966407009F5CB1;
			minimizedProjectReferenceProxies = 1;
			packageReferences = (
				62AA69142DC0C6CF006AB4E3 /* XCRemoteSwiftPackageReference "firebase-ios-sdk" */,
				6295159A2DC8BE1B00DC54A1 /* XCRemoteSwiftPackageReference "GoogleSignIn-iOS" */,
			);
			preferredProjectObjectVersion = 77;
			productRefGroup = 62EB12242D966407009F5CB1 /* Products */;
			projectDirPath = "";
			projectRoot = "";
			targets = (
				62EB12222D966407009F5CB1 /* Blu */,
				62EB12332D966409009F5CB1 /* BluTests */,
				62EB123D2D966409009F5CB1 /* BluUITests */,
			);
		};
/* End PBXProject section */

/* Begin PBXResourcesBuildPhase section */
		62EB12212D966407009F5CB1 /* Resources */ = {
			isa = PBXResourcesBuildPhase;
			buildActionMask = 2147483647;
			files = (
			);
			runOnlyForDeploymentPostprocessing = 0;
		};
		62EB12322D966409009F5CB1 /* Resources */ = {
			isa = PBXResourcesBuildPhase;
			buildActionMask = 2147483647;
			files = (
			);
			runOnlyForDeploymentPostprocessing = 0;
		};
		62EB123C2D966409009F5CB1 /* Resources */ = {
			isa = PBXResourcesBuildPhase;
			buildActionMask = 2147483647;
			files = (
			);
			runOnlyForDeploymentPostprocessing = 0;
		};
/* End PBXResourcesBuildPhase section */

/* Begin PBXSourcesBuildPhase section */
		62EB121F2D966407009F5CB1 /* Sources */ = {
			isa = PBXSourcesBuildPhase;
			buildActionMask = 2147483647;
			files = (
			);
			runOnlyForDeploymentPostprocessing = 0;
		};
		62EB12302D966409009F5CB1 /* Sources */ = {
			isa = PBXSourcesBuildPhase;
			buildActionMask = 2147483647;
			files = (
			);
			runOnlyForDeploymentPostprocessing = 0;
		};
		62EB123A2D966409009F5CB1 /* Sources */ = {
			isa = PBXSourcesBuildPhase;
			buildActionMask = 2147483647;
			files = (
			);
			runOnlyForDeploymentPostprocessing = 0;
		};
/* End PBXSourcesBuildPhase section */

/* Begin PBXTargetDependency section */
		62EB12362D966409009F5CB1 /* PBXTargetDependency */ = {
			isa = PBXTargetDependency;
			target = 62EB12222D966407009F5CB1 /* Blu */;
			targetProxy = 62EB12352D966409009F5CB1 /* PBXContainerItemProxy */;
		};
		62EB12402D966409009F5CB1 /* PBXTargetDependency */ = {
			isa = PBXTargetDependency;
			target = 62EB12222D966407009F5CB1 /* Blu */;
			targetProxy = 62EB123F2D966409009F5CB1 /* PBXContainerItemProxy */;
		};
/* End PBXTargetDependency section */

/* Begin XCBuildConfiguration section */
		62EB12462D966409009F5CB1 /* Debug */ = {
			isa = XCBuildConfiguration;
			buildSettings = {
				ALWAYS_SEARCH_USER_PATHS = NO;
				ASSETCATALOG_COMPILER_GENERATE_SWIFT_ASSET_SYMBOL_EXTENSIONS = YES;
				CLANG_ANALYZER_NONNULL = YES;
				CLANG_ANALYZER_NUMBER_OBJECT_CONVERSION = YES_AGGRESSIVE;
				CLANG_CXX_LANGUAGE_STANDARD = "gnu++20";
				CLANG_ENABLE_MODULES = YES;
				CLANG_ENABLE_OBJC_ARC = YES;
				CLANG_ENABLE_OBJC_WEAK = YES;
				CLANG_WARN_BLOCK_CAPTURE_AUTORELEASING = YES;
				CLANG_WARN_BOOL_CONVERSION = YES;
				CLANG_WARN_COMMA = YES;
				CLANG_WARN_CONSTANT_CONVERSION = YES;
				CLANG_WARN_DEPRECATED_OBJC_IMPLEMENTATIONS = YES;
				CLANG_WARN_DIRECT_OBJC_ISA_USAGE = YES_ERROR;
				CLANG_WARN_DOCUMENTATION_COMMENTS = YES;
				CLANG_WARN_EMPTY_BODY = YES;
				CLANG_WARN_ENUM_CONVERSION = YES;
				CLANG_WARN_INFINITE_RECURSION = YES;
				CLANG_WARN_INT_CONVERSION = YES;
				CLANG_WARN_NON_LITERAL_NULL_CONVERSION = YES;
				CLANG_WARN_OBJC_IMPLICIT_RETAIN_SELF = YES;
				CLANG_WARN_OBJC_LITERAL_CONVERSION = YES;
				CLANG_WARN_OBJC_ROOT_CLASS = YES_ERROR;
				CLANG_WARN_QUOTED_INCLUDE_IN_FRAMEWORK_HEADER = YES;
				CLANG_WARN_RANGE_LOOP_ANALYSIS = YES;
				CLANG_WARN_STRICT_PROTOTYPES = YES;
				CLANG_WARN_SUSPICIOUS_MOVE = YES;
				CLANG_WARN_UNGUARDED_AVAILABILITY = YES_AGGRESSIVE;
				CLANG_WARN_UNREACHABLE_CODE = YES;
				CLANG_WARN__DUPLICATE_METHOD_MATCH = YES;
				COPY_PHASE_STRIP = NO;
				DEBUG_INFORMATION_FORMAT = dwarf;
				ENABLE_STRICT_OBJC_MSGSEND = YES;
				ENABLE_TESTABILITY = YES;
				ENABLE_USER_SCRIPT_SANDBOXING = YES;
				GCC_C_LANGUAGE_STANDARD = gnu17;
				GCC_DYNAMIC_NO_PIC = NO;
				GCC_NO_COMMON_BLOCKS = YES;
				GCC_OPTIMIZATION_LEVEL = 0;
				GCC_PREPROCESSOR_DEFINITIONS = (
					"DEBUG=1",
					"$(inherited)",
				);
				GCC_WARN_64_TO_32_BIT_CONVERSION = YES;
				GCC_WARN_ABOUT_RETURN_TYPE = YES_ERROR;
				GCC_WARN_UNDECLARED_SELECTOR = YES;
				GCC_WARN_UNINITIALIZED_AUTOS = YES_AGGRESSIVE;
				GCC_WARN_UNUSED_FUNCTION = YES;
				GCC_WARN_UNUSED_VARIABLE = YES;
				LOCALIZATION_PREFERS_STRING_CATALOGS = YES;
				MTL_ENABLE_DEBUG_INFO = INCLUDE_SOURCE;
				MTL_FAST_MATH = YES;
				ONLY_ACTIVE_ARCH = YES;
				SWIFT_ACTIVE_COMPILATION_CONDITIONS = "DEBUG $(inherited)";
				SWIFT_OPTIMIZATION_LEVEL = "-Onone";
			};
			name = Debug;
		};
		62EB12472D966409009F5CB1 /* Release */ = {
			isa = XCBuildConfiguration;
			buildSettings = {
				ALWAYS_SEARCH_USER_PATHS = NO;
				ASSETCATALOG_COMPILER_GENERATE_SWIFT_ASSET_SYMBOL_EXTENSIONS = YES;
				CLANG_ANALYZER_NONNULL = YES;
				CLANG_ANALYZER_NUMBER_OBJECT_CONVERSION = YES_AGGRESSIVE;
				CLANG_CXX_LANGUAGE_STANDARD = "gnu++20";
				CLANG_ENABLE_MODULES = YES;
				CLANG_ENABLE_OBJC_ARC = YES;
				CLANG_ENABLE_OBJC_WEAK = YES;
				CLANG_WARN_BLOCK_CAPTURE_AUTORELEASING = YES;
				CLANG_WARN_BOOL_CONVERSION = YES;
				CLANG_WARN_COMMA = YES;
				CLANG_WARN_CONSTANT_CONVERSION = YES;
				CLANG_WARN_DEPRECATED_OBJC_IMPLEMENTATIONS = YES;
				CLANG_WARN_DIRECT_OBJC_ISA_USAGE = YES_ERROR;
				CLANG_WARN_DOCUMENTATION_COMMENTS = YES;
				CLANG_WARN_EMPTY_BODY = YES;
				CLANG_WARN_ENUM_CONVERSION = YES;
				CLANG_WARN_INFINITE_RECURSION = YES;
				CLANG_WARN_INT_CONVERSION = YES;
				CLANG_WARN_NON_LITERAL_NULL_CONVERSION = YES;
				CLANG_WARN_OBJC_IMPLICIT_RETAIN_SELF = YES;
				CLANG_WARN_OBJC_LITERAL_CONVERSION = YES;
				CLANG_WARN_OBJC_ROOT_CLASS = YES_ERROR;
				CLANG_WARN_QUOTED_INCLUDE_IN_FRAMEWORK_HEADER = YES;
				CLANG_WARN_RANGE_LOOP_ANALYSIS = YES;
				CLANG_WARN_STRICT_PROTOTYPES = YES;
				CLANG_WARN_SUSPICIOUS_MOVE = YES;
				CLANG_WARN_UNGUARDED_AVAILABILITY = YES_AGGRESSIVE;
				CLANG_WARN_UNREACHABLE_CODE = YES;
				CLANG_WARN__DUPLICATE_METHOD_MATCH = YES;
				COPY_PHASE_STRIP = NO;
				DEBUG_INFORMATION_FORMAT = "dwarf-with-dsym";
				ENABLE_NS_ASSERTIONS = NO;
				ENABLE_STRICT_OBJC_MSGSEND = YES;
				ENABLE_USER_SCRIPT_SANDBOXING = YES;
				GCC_C_LANGUAGE_STANDARD = gnu17;
				GCC_NO_COMMON_BLOCKS = YES;
				GCC_WARN_64_TO_32_BIT_CONVERSION = YES;
				GCC_WARN_ABOUT_RETURN_TYPE = YES_ERROR;
				GCC_WARN_UNDECLARED_SELECTOR = YES;
				GCC_WARN_UNINITIALIZED_AUTOS = YES_AGGRESSIVE;
				GCC_WARN_UNUSED_FUNCTION = YES;
				GCC_WARN_UNUSED_VARIABLE = YES;
				LOCALIZATION_PREFERS_STRING_CATALOGS = YES;
				MTL_ENABLE_DEBUG_INFO = NO;
				MTL_FAST_MATH = YES;
				SWIFT_COMPILATION_MODE = wholemodule;
			};
			name = Release;
		};
		62EB12492D966409009F5CB1 /* Debug */ = {
			isa = XCBuildConfiguration;
			buildSettings = {
				ASSETCATALOG_COMPILER_APPICON_NAME = AppIcon;
				ASSETCATALOG_COMPILER_GLOBAL_ACCENT_COLOR_NAME = AccentColor;
				CODE_SIGN_ENTITLEMENTS = Blu/Blu.entitlements;
				CODE_SIGN_STYLE = Automatic;
				CURRENT_PROJECT_VERSION = 1;
				DEVELOPMENT_ASSET_PATHS = "\"Blu/Preview Content\"";
				ENABLE_PREVIEWS = YES;
				GENERATE_INFOPLIST_FILE = NO;
				"INFOPLIST_FILE[sdk=*]" = Blu/Info.plist;
				"INFOPLIST_KEY_UIApplicationSceneManifest_Generation[sdk=iphoneos*]" = YES;
				"INFOPLIST_KEY_UIApplicationSceneManifest_Generation[sdk=iphonesimulator*]" = YES;
				"INFOPLIST_KEY_UIApplicationSupportsIndirectInputEvents[sdk=iphoneos*]" = YES;
				"INFOPLIST_KEY_UIApplicationSupportsIndirectInputEvents[sdk=iphonesimulator*]" = YES;
				"INFOPLIST_KEY_UILaunchScreen_Generation[sdk=iphoneos*]" = YES;
				"INFOPLIST_KEY_UILaunchScreen_Generation[sdk=iphonesimulator*]" = YES;
				"INFOPLIST_KEY_UIStatusBarStyle[sdk=iphoneos*]" = UIStatusBarStyleDefault;
				"INFOPLIST_KEY_UIStatusBarStyle[sdk=iphonesimulator*]" = UIStatusBarStyleDefault;
				INFOPLIST_KEY_UISupportedInterfaceOrientations_iPad = "UIInterfaceOrientationPortrait UIInterfaceOrientationPortraitUpsideDown UIInterfaceOrientationLandscapeLeft UIInterfaceOrientationLandscapeRight";
				INFOPLIST_KEY_UISupportedInterfaceOrientations_iPhone = "UIInterfaceOrientationPortrait UIInterfaceOrientationLandscapeLeft UIInterfaceOrientationLandscapeRight";
				IPHONEOS_DEPLOYMENT_TARGET = 18.0;
				LD_RUNPATH_SEARCH_PATHS = "@executable_path/Frameworks";
				"LD_RUNPATH_SEARCH_PATHS[sdk=macosx*]" = "@executable_path/../Frameworks";
				MACOSX_DEPLOYMENT_TARGET = 15.2;
				MARKETING_VERSION = 1.0;
				PRODUCT_BUNDLE_IDENTIFIER = com.nickcuenca.blu;
				PRODUCT_NAME = "$(TARGET_NAME)";
				SDKROOT = auto;
				SUPPORTED_PLATFORMS = "iphoneos iphonesimulator macosx xros xrsimulator";
				SWIFT_EMIT_LOC_STRINGS = YES;
				SWIFT_VERSION = 5.0;
				TARGETED_DEVICE_FAMILY = "1,2,7";
				XROS_DEPLOYMENT_TARGET = 2.2;
			};
			name = Debug;
		};
		62EB124A2D966409009F5CB1 /* Release */ = {
			isa = XCBuildConfiguration;
			buildSettings = {
				ASSETCATALOG_COMPILER_APPICON_NAME = AppIcon;
				ASSETCATALOG_COMPILER_GLOBAL_ACCENT_COLOR_NAME = AccentColor;
				CODE_SIGN_ENTITLEMENTS = Blu/Blu.entitlements;
				CODE_SIGN_STYLE = Automatic;
				CURRENT_PROJECT_VERSION = 1;
				DEVELOPMENT_ASSET_PATHS = "\"Blu/Preview Content\"";
				ENABLE_PREVIEWS = YES;
				GENERATE_INFOPLIST_FILE = NO;
				"INFOPLIST_FILE[sdk=*]" = Blu/Info.plist;
				"INFOPLIST_KEY_UIApplicationSceneManifest_Generation[sdk=iphoneos*]" = YES;
				"INFOPLIST_KEY_UIApplicationSceneManifest_Generation[sdk=iphonesimulator*]" = YES;
				"INFOPLIST_KEY_UIApplicationSupportsIndirectInputEvents[sdk=iphoneos*]" = YES;
				"INFOPLIST_KEY_UIApplicationSupportsIndirectInputEvents[sdk=iphonesimulator*]" = YES;
				"INFOPLIST_KEY_UILaunchScreen_Generation[sdk=iphoneos*]" = YES;
				"INFOPLIST_KEY_UILaunchScreen_Generation[sdk=iphonesimulator*]" = YES;
				"INFOPLIST_KEY_UIStatusBarStyle[sdk=iphoneos*]" = UIStatusBarStyleDefault;
				"INFOPLIST_KEY_UIStatusBarStyle[sdk=iphonesimulator*]" = UIStatusBarStyleDefault;
				INFOPLIST_KEY_UISupportedInterfaceOrientations_iPad = "UIInterfaceOrientationPortrait UIInterfaceOrientationPortraitUpsideDown UIInterfaceOrientationLandscapeLeft UIInterfaceOrientationLandscapeRight";
				INFOPLIST_KEY_UISupportedInterfaceOrientations_iPhone = "UIInterfaceOrientationPortrait UIInterfaceOrientationLandscapeLeft UIInterfaceOrientationLandscapeRight";
				IPHONEOS_DEPLOYMENT_TARGET = 18.0;
				LD_RUNPATH_SEARCH_PATHS = "@executable_path/Frameworks";
				"LD_RUNPATH_SEARCH_PATHS[sdk=macosx*]" = "@executable_path/../Frameworks";
				MACOSX_DEPLOYMENT_TARGET = 15.2;
				MARKETING_VERSION = 1.0;
				PRODUCT_BUNDLE_IDENTIFIER = com.nickcuenca.blu;
				PRODUCT_NAME = "$(TARGET_NAME)";
				SDKROOT = auto;
				SUPPORTED_PLATFORMS = "iphoneos iphonesimulator macosx xros xrsimulator";
				SWIFT_EMIT_LOC_STRINGS = YES;
				SWIFT_VERSION = 5.0;
				TARGETED_DEVICE_FAMILY = "1,2,7";
				XROS_DEPLOYMENT_TARGET = 2.2;
			};
			name = Release;
		};
		62EB124C2D966409009F5CB1 /* Debug */ = {
			isa = XCBuildConfiguration;
			buildSettings = {
				BUNDLE_LOADER = "$(TEST_HOST)";
				CODE_SIGN_STYLE = Automatic;
				CURRENT_PROJECT_VERSION = 1;
				GENERATE_INFOPLIST_FILE = YES;
				IPHONEOS_DEPLOYMENT_TARGET = 18.2;
				MACOSX_DEPLOYMENT_TARGET = 15.2;
				MARKETING_VERSION = 1.0;
				PRODUCT_BUNDLE_IDENTIFIER = "Team-Blu.BluTests";
				PRODUCT_NAME = "$(TARGET_NAME)";
				SDKROOT = auto;
				SUPPORTED_PLATFORMS = "iphoneos iphonesimulator macosx xros xrsimulator";
				SWIFT_EMIT_LOC_STRINGS = NO;
				SWIFT_VERSION = 5.0;
				TARGETED_DEVICE_FAMILY = "1,2,7";
				TEST_HOST = "$(BUILT_PRODUCTS_DIR)/Blu.app/$(BUNDLE_EXECUTABLE_FOLDER_PATH)/Blu";
				XROS_DEPLOYMENT_TARGET = 2.2;
			};
			name = Debug;
		};
		62EB124D2D966409009F5CB1 /* Release */ = {
			isa = XCBuildConfiguration;
			buildSettings = {
				BUNDLE_LOADER = "$(TEST_HOST)";
				CODE_SIGN_STYLE = Automatic;
				CURRENT_PROJECT_VERSION = 1;
				GENERATE_INFOPLIST_FILE = YES;
				IPHONEOS_DEPLOYMENT_TARGET = 18.2;
				MACOSX_DEPLOYMENT_TARGET = 15.2;
				MARKETING_VERSION = 1.0;
				PRODUCT_BUNDLE_IDENTIFIER = "Team-Blu.BluTests";
				PRODUCT_NAME = "$(TARGET_NAME)";
				SDKROOT = auto;
				SUPPORTED_PLATFORMS = "iphoneos iphonesimulator macosx xros xrsimulator";
				SWIFT_EMIT_LOC_STRINGS = NO;
				SWIFT_VERSION = 5.0;
				TARGETED_DEVICE_FAMILY = "1,2,7";
				TEST_HOST = "$(BUILT_PRODUCTS_DIR)/Blu.app/$(BUNDLE_EXECUTABLE_FOLDER_PATH)/Blu";
				XROS_DEPLOYMENT_TARGET = 2.2;
			};
			name = Release;
		};
		62EB124F2D966409009F5CB1 /* Debug */ = {
			isa = XCBuildConfiguration;
			buildSettings = {
				CODE_SIGN_STYLE = Automatic;
				CURRENT_PROJECT_VERSION = 1;
				GENERATE_INFOPLIST_FILE = YES;
				IPHONEOS_DEPLOYMENT_TARGET = 18.2;
				MACOSX_DEPLOYMENT_TARGET = 15.2;
				MARKETING_VERSION = 1.0;
				PRODUCT_BUNDLE_IDENTIFIER = "Team-Blu.BluUITests";
				PRODUCT_NAME = "$(TARGET_NAME)";
				SDKROOT = auto;
				SUPPORTED_PLATFORMS = "iphoneos iphonesimulator macosx xros xrsimulator";
				SWIFT_EMIT_LOC_STRINGS = NO;
				SWIFT_VERSION = 5.0;
				TARGETED_DEVICE_FAMILY = "1,2,7";
				TEST_TARGET_NAME = Blu;
				XROS_DEPLOYMENT_TARGET = 2.2;
			};
			name = Debug;
		};
		62EB12502D966409009F5CB1 /* Release */ = {
			isa = XCBuildConfiguration;
			buildSettings = {
				CODE_SIGN_STYLE = Automatic;
				CURRENT_PROJECT_VERSION = 1;
				GENERATE_INFOPLIST_FILE = YES;
				IPHONEOS_DEPLOYMENT_TARGET = 18.2;
				MACOSX_DEPLOYMENT_TARGET = 15.2;
				MARKETING_VERSION = 1.0;
				PRODUCT_BUNDLE_IDENTIFIER = "Team-Blu.BluUITests";
				PRODUCT_NAME = "$(TARGET_NAME)";
				SDKROOT = auto;
				SUPPORTED_PLATFORMS = "iphoneos iphonesimulator macosx xros xrsimulator";
				SWIFT_EMIT_LOC_STRINGS = NO;
				SWIFT_VERSION = 5.0;
				TARGETED_DEVICE_FAMILY = "1,2,7";
				TEST_TARGET_NAME = Blu;
				XROS_DEPLOYMENT_TARGET = 2.2;
			};
			name = Release;
		};
/* End XCBuildConfiguration section */

/* Begin XCConfigurationList section */
		62EB121E2D966407009F5CB1 /* Build configuration list for PBXProject "Blu" */ = {
			isa = XCConfigurationList;
			buildConfigurations = (
				62EB12462D966409009F5CB1 /* Debug */,
				62EB12472D966409009F5CB1 /* Release */,
			);
			defaultConfigurationIsVisible = 0;
			defaultConfigurationName = Release;
		};
		62EB12482D966409009F5CB1 /* Build configuration list for PBXNativeTarget "Blu" */ = {
			isa = XCConfigurationList;
			buildConfigurations = (
				62EB12492D966409009F5CB1 /* Debug */,
				62EB124A2D966409009F5CB1 /* Release */,
			);
			defaultConfigurationIsVisible = 0;
			defaultConfigurationName = Release;
		};
		62EB124B2D966409009F5CB1 /* Build configuration list for PBXNativeTarget "BluTests" */ = {
			isa = XCConfigurationList;
			buildConfigurations = (
				62EB124C2D966409009F5CB1 /* Debug */,
				62EB124D2D966409009F5CB1 /* Release */,
			);
			defaultConfigurationIsVisible = 0;
			defaultConfigurationName = Release;
		};
		62EB124E2D966409009F5CB1 /* Build configuration list for PBXNativeTarget "BluUITests" */ = {
			isa = XCConfigurationList;
			buildConfigurations = (
				62EB124F2D966409009F5CB1 /* Debug */,
				62EB12502D966409009F5CB1 /* Release */,
			);
			defaultConfigurationIsVisible = 0;
			defaultConfigurationName = Release;
		};
/* End XCConfigurationList section */

/* Begin XCRemoteSwiftPackageReference section */
		6295159A2DC8BE1B00DC54A1 /* XCRemoteSwiftPackageReference "GoogleSignIn-iOS" */ = {
			isa = XCRemoteSwiftPackageReference;
			repositoryURL = "https://github.com/google/GoogleSignIn-iOS.git";
			requirement = {
				kind = upToNextMajorVersion;
				minimumVersion = 8.0.0;
			};
		};
		62AA69142DC0C6CF006AB4E3 /* XCRemoteSwiftPackageReference "firebase-ios-sdk" */ = {
			isa = XCRemoteSwiftPackageReference;
			repositoryURL = "https://github.com/firebase/firebase-ios-sdk";
			requirement = {
				kind = upToNextMajorVersion;
				minimumVersion = 11.12.0;
			};
		};
/* End XCRemoteSwiftPackageReference section */

/* Begin XCSwiftPackageProductDependency section */
		621585662DC0D781007E1EA8 /* FirebaseFirestoreCombine-Community */ = {
			isa = XCSwiftPackageProductDependency;
			package = 62AA69142DC0C6CF006AB4E3 /* XCRemoteSwiftPackageReference "firebase-ios-sdk" */;
			productName = "FirebaseFirestoreCombine-Community";
		};
		621585682DC0D93D007E1EA8 /* FirebaseFirestore */ = {
			isa = XCSwiftPackageProductDependency;
			package = 62AA69142DC0C6CF006AB4E3 /* XCRemoteSwiftPackageReference "firebase-ios-sdk" */;
			productName = FirebaseFirestore;
		};
		6295159B2DC8BE1B00DC54A1 /* GoogleSignIn */ = {
			isa = XCSwiftPackageProductDependency;
			package = 6295159A2DC8BE1B00DC54A1 /* XCRemoteSwiftPackageReference "GoogleSignIn-iOS" */;
			productName = GoogleSignIn;
		};
		6295159D2DC8BE1B00DC54A1 /* GoogleSignInSwift */ = {
			isa = XCSwiftPackageProductDependency;
			package = 6295159A2DC8BE1B00DC54A1 /* XCRemoteSwiftPackageReference "GoogleSignIn-iOS" */;
			productName = GoogleSignInSwift;
		};
		62AA69152DC0C6CF006AB4E3 /* FirebaseAnalytics */ = {
			isa = XCSwiftPackageProductDependency;
			package = 62AA69142DC0C6CF006AB4E3 /* XCRemoteSwiftPackageReference "firebase-ios-sdk" */;
			productName = FirebaseAnalytics;
		};
		62AA69172DC0C6CF006AB4E3 /* FirebaseAuth */ = {
			isa = XCSwiftPackageProductDependency;
			package = 62AA69142DC0C6CF006AB4E3 /* XCRemoteSwiftPackageReference "firebase-ios-sdk" */;
			productName = FirebaseAuth;
		};
		62AA691B2DC0C6CF006AB4E3 /* FirebaseStorage */ = {
			isa = XCSwiftPackageProductDependency;
			package = 62AA69142DC0C6CF006AB4E3 /* XCRemoteSwiftPackageReference "firebase-ios-sdk" */;
			productName = FirebaseStorage;
		};
/* End XCSwiftPackageProductDependency section */
	};
	rootObject = 62EB121B2D966407009F5CB1 /* Project object */;
}
